<?xml version="1.0" encoding="utf-8"?>
<Project ToolsVersion="4.0" xmlns="http://schemas.microsoft.com/developer/msbuild/2003">
  <ItemGroup>
    <Filter Include="Source Files">
      <UniqueIdentifier>{4FC737F1-C7A5-4376-A066-2A32D752A2FF}</UniqueIdentifier>
      <Extensions>cpp;c;cc;cxx;def;odl;idl;hpj;bat;asm;asmx</Extensions>
    </Filter>
    <Filter Include="Header Files">
      <UniqueIdentifier>{93995380-89BD-4b04-88EB-625FBE52EBFB}</UniqueIdentifier>
      <Extensions>h;hpp;hxx;hm;inl;inc;xsd</Extensions>
    </Filter>
    <Filter Include="Resource Files">
      <UniqueIdentifier>{67DA6AB6-F800-4c08-8B7A-83BB121AAD01}</UniqueIdentifier>
      <Extensions>rc;ico;cur;bmp;dlg;rc2;rct;bin;rgs;gif;jpg;jpeg;jpe;resx;tiff;tif;png;wav;mfcribbon-ms</Extensions>
    </Filter>
    <Filter Include="Tests">
      <UniqueIdentifier>{2ed39c99-031b-4d44-86bb-5ac7479deab7}</UniqueIdentifier>
    </Filter>
    <Filter Include="MemoryMan">
      <UniqueIdentifier>{4b8e160f-bb8f-490b-a329-5847f79c5c81}</UniqueIdentifier>
    </Filter>
  </ItemGroup>
  <ItemGroup>
    <ClCompile Include="UnitTests.cpp">
      <Filter>Source Files</Filter>
    </ClCompile>
    <ClCompile Include="TestAccessors.cpp">
      <Filter>Tests</Filter>
    </ClCompile>
    <ClCompile Include="TestArray.cpp">
      <Filter>Tests</Filter>
    </ClCompile>
    <ClCompile Include="TestArraySpecial.cpp">
      <Filter>Tests</Filter>
    </ClCompile>
    <ClCompile Include="TestAutoArray.cpp">
      <Filter>Tests</Filter>
    </ClCompile>
    <ClCompile Include="TestAutoRef.cpp">
      <Filter>Tests</Filter>
    </ClCompile>
    <ClCompile Include="TestAutoRefCall.cpp">
      <Filter>Tests</Filter>
    </ClCompile>
    <ClCompile Include="TestCallTransitions.cpp">
      <Filter>Tests</Filter>
    </ClCompile>
    <ClCompile Include="TestClasses.cpp">
      <Filter>Tests</Filter>
    </ClCompile>
    <ClCompile Include="TestClosures.cpp">
      <Filter>Tests</Filter>
    </ClCompile>
    <ClCompile Include="TestCompileFail.cpp">
      <Filter>Tests</Filter>
    </ClCompile>
    <ClCompile Include="TestConversions.cpp">
      <Filter>Tests</Filter>
    </ClCompile>
    <ClCompile Include="TestCoroutine.cpp">
      <Filter>Tests</Filter>
    </ClCompile>
    <ClCompile Include="TestCoroutineIterator.cpp">
      <Filter>Tests</Filter>
    </ClCompile>
    <ClCompile Include="TestCycles.cpp">
      <Filter>Tests</Filter>
    </ClCompile>
    <ClCompile Include="TestDefault.cpp">
      <Filter>Tests</Filter>
    </ClCompile>
    <ClCompile Include="TestExternalCall.cpp">
      <Filter>Tests</Filter>
    </ClCompile>
    <ClCompile Include="TestExtra.cpp">
      <Filter>Tests</Filter>
    </ClCompile>
    <ClCompile Include="TestFinalizer.cpp">
      <Filter>Tests</Filter>
    </ClCompile>
    <ClCompile Include="TestForEach.cpp">
      <Filter>Tests</Filter>
    </ClCompile>
    <ClCompile Include="TestFromReference.cpp">
      <Filter>Tests</Filter>
    </ClCompile>
    <ClCompile Include="TestFunctions.cpp">
      <Filter>Tests</Filter>
    </ClCompile>
    <ClCompile Include="TestGC.cpp">
      <Filter>Tests</Filter>
    </ClCompile>
    <ClCompile Include="TestGeneric.cpp">
      <Filter>Tests</Filter>
    </ClCompile>
    <ClCompile Include="TestGenericExplicit.cpp">
      <Filter>Tests</Filter>
    </ClCompile>
    <ClCompile Include="TestGenericType.cpp">
      <Filter>Tests</Filter>
    </ClCompile>
    <ClCompile Include="TestImplicitArray.cpp">
      <Filter>Tests</Filter>
    </ClCompile>
    <ClCompile Include="TestIndirectCall.cpp">
      <Filter>Tests</Filter>
    </ClCompile>
    <ClCompile Include="TestInference.cpp">
      <Filter>Tests</Filter>
    </ClCompile>
    <ClCompile Include="TestInheritance.cpp">
      <Filter>Tests</Filter>
    </ClCompile>
    <ClCompile Include="TestInterface.cpp">
      <Filter>Tests</Filter>
    </ClCompile>
    <ClCompile Include="TestJIT.cpp">
      <Filter>Tests</Filter>
    </ClCompile>
    <ClCompile Include="TestListComprehension.cpp">
      <Filter>Tests</Filter>
    </ClCompile>
    <ClCompile Include="TestLocalClass.cpp">
      <Filter>Tests</Filter>
    </ClCompile>
    <ClCompile Include="TestLocalReturn.cpp">
      <Filter>Tests</Filter>
    </ClCompile>
    <ClCompile Include="TestLongNames.cpp">
      <Filter>Tests</Filter>
    </ClCompile>
    <ClCompile Include="TestLValue.cpp">
      <Filter>Tests</Filter>
    </ClCompile>
    <ClCompile Include="TestMembers.cpp">
      <Filter>Tests</Filter>
    </ClCompile>
    <ClCompile Include="TestMisc.cpp">
      <Filter>Tests</Filter>
    </ClCompile>
    <ClCompile Include="TestModules.cpp">
      <Filter>Tests</Filter>
    </ClCompile>
    <ClCompile Include="TestNamedArguments.cpp">
      <Filter>Tests</Filter>
    </ClCompile>
    <ClCompile Include="TestNamespace.cpp">
      <Filter>Tests</Filter>
    </ClCompile>
    <ClCompile Include="TestNew.cpp">
      <Filter>Tests</Filter>
    </ClCompile>
    <ClCompile Include="TestNumerical.cpp">
      <Filter>Tests</Filter>
    </ClCompile>
    <ClCompile Include="TestOverload.cpp">
      <Filter>Tests</Filter>
    </ClCompile>
    <ClCompile Include="TestOverride.cpp">
      <Filter>Tests</Filter>
    </ClCompile>
    <ClCompile Include="TestParseFail.cpp">
      <Filter>Tests</Filter>
    </ClCompile>
    <ClCompile Include="TestPointers.cpp">
      <Filter>Tests</Filter>
    </ClCompile>
    <ClCompile Include="TestPostExpr.cpp">
      <Filter>Tests</Filter>
    </ClCompile>
    <ClCompile Include="TestRuntimeFail.cpp">
      <Filter>Tests</Filter>
    </ClCompile>
    <ClCompile Include="TestScope.cpp">
      <Filter>Tests</Filter>
    </ClCompile>
    <ClCompile Include="TestSglEvent.cpp">
      <Filter>Tests</Filter>
    </ClCompile>
    <ClCompile Include="TestSglHashmap.cpp">
      <Filter>Tests</Filter>
    </ClCompile>
    <ClCompile Include="TestSglList.cpp">
      <Filter>Tests</Filter>
    </ClCompile>
    <ClCompile Include="TestSglString.cpp">
      <Filter>Tests</Filter>
    </ClCompile>
    <ClCompile Include="TestSglVector.cpp">
      <Filter>Tests</Filter>
    </ClCompile>
    <ClCompile Include="TestSpecial.cpp">
      <Filter>Tests</Filter>
    </ClCompile>
    <ClCompile Include="TestSpecialOp.cpp">
      <Filter>Tests</Filter>
    </ClCompile>
    <ClCompile Include="TestSpeed.cpp">
      <Filter>Tests</Filter>
    </ClCompile>
    <ClCompile Include="TestStackRealloc.cpp">
      <Filter>Tests</Filter>
    </ClCompile>
    <ClCompile Include="TestVarargs.cpp">
      <Filter>Tests</Filter>
    </ClCompile>
    <ClCompile Include="TestVariables.cpp">
      <Filter>Tests</Filter>
    </ClCompile>
    <ClCompile Include="TestRun.cpp">
      <Filter>Source Files</Filter>
    </ClCompile>
    <ClCompile Include="TestBase.cpp">
      <Filter>Source Files</Filter>
    </ClCompile>
  </ItemGroup>
  <ItemGroup>
    <ClInclude Include="UnitTests.h">
      <Filter>Header Files</Filter>
    </ClInclude>
    <ClInclude Include="TestCompileFail.h">
      <Filter>Tests</Filter>
    </ClInclude>
    <ClInclude Include="TestInterface.h">
      <Filter>Tests</Filter>
    </ClInclude>
    <ClInclude Include="TestParseFail.h">
      <Filter>Tests</Filter>
    </ClInclude>
    <ClInclude Include="TestSpeed.h">
      <Filter>Tests</Filter>
    </ClInclude>
    <ClInclude Include="TestBase.h">
      <Filter>Source Files</Filter>
    </ClInclude>
  </ItemGroup>
</Project>