<?xml version="1.0" encoding="utf-8"?>
<Project ToolsVersion="4.0" xmlns="http://schemas.microsoft.com/developer/msbuild/2003">
  <ItemGroup>
    <Filter Include="Source Files">
      <UniqueIdentifier>{4FC737F1-C7A5-4376-A066-2A32D752A2FF}</UniqueIdentifier>
      <Extensions>cpp;c;cxx;def;odl;idl;hpj;bat;asm;asmx</Extensions>
    </Filter>
    <Filter Include="Header Files">
      <UniqueIdentifier>{93995380-89BD-4b04-88EB-625FBE52EBFB}</UniqueIdentifier>
      <Extensions>h;hpp;hxx;hm;inl;inc;xsd</Extensions>
    </Filter>
    <Filter Include="Resource Files">
      <UniqueIdentifier>{67DA6AB6-F800-4c08-8B7A-83BB121AAD01}</UniqueIdentifier>
      <Extensions>rc;ico;cur;bmp;dlg;rc2;rct;bin;rgs;gif;jpg;jpeg;jpe;resx</Extensions>
    </Filter>
    <Filter Include="Colorer">
      <UniqueIdentifier>{b7bd31f7-e92e-468c-a27a-09d4267e5370}</UniqueIdentifier>
    </Filter>
    <Filter Include="Parser">
      <UniqueIdentifier>{8b230b0c-1be3-4d4a-b4e8-3f7f66dc6187}</UniqueIdentifier>
    </Filter>
    <Filter Include="GUI">
      <UniqueIdentifier>{0cdabbd0-dbf8-4303-a1ce-54c59190e6d6}</UniqueIdentifier>
    </Filter>
  </ItemGroup>
  <ItemGroup>
    <ClCompile Include="Colorer.cpp">
      <Filter>Colorer</Filter>
    </ClCompile>
    <ClCompile Include="SupSpi\SupSpi.cpp">
      <Filter>Parser</Filter>
    </ClCompile>
    <ClCompile Include="GUI\RichTextarea.cpp">
      <Filter>GUI</Filter>
    </ClCompile>
    <ClCompile Include="GUI\TabbedFiles.cpp">
      <Filter>GUI</Filter>
    </ClCompile>
    <ClCompile Include="main.cpp">
      <Filter>Source Files</Filter>
    </ClCompile>
  </ItemGroup>
  <ItemGroup>
    <ClInclude Include="ObjectPool.h">
      <Filter>Header Files</Filter>
    </ClInclude>
    <ClInclude Include="Resource.h">
      <Filter>Header Files</Filter>
    </ClInclude>
    <ClInclude Include="stdafx.h">
      <Filter>Header Files</Filter>
    </ClInclude>
    <ClInclude Include="UnitTests.h">
      <Filter>Header Files</Filter>
    </ClInclude>
    <ClInclude Include="Colorer.h">
      <Filter>Colorer</Filter>
    </ClInclude>
    <ClInclude Include="SupSpi\SupSpi.h">
      <Filter>Parser</Filter>
    </ClInclude>
    <ClInclude Include="GUI\RichTextarea.h">
      <Filter>GUI</Filter>
    </ClInclude>
    <ClInclude Include="GUI\TabbedFiles.h">
      <Filter>GUI</Filter>
    </ClInclude>
  </ItemGroup>
  <ItemGroup>
    <None Include="GUI\lBreak.bmp">
      <Filter>Resource Files</Filter>
    </None>
    <None Include="GUI\lCall.bmp">
      <Filter>Resource Files</Filter>
    </None>
    <None Include="GUI\lCurr.bmp">
      <Filter>Resource Files</Filter>
    </None>
    <None Include="GUI\lLastcall.bmp">
      <Filter>Resource Files</Filter>
    </None>
    <None Include="GUI\lUnreachable.bmp">
      <Filter>Resource Files</Filter>
    </None>
    <None Include="small.ico">
      <Filter>Resource Files</Filter>
    </None>
    <None Include="nullc_ide.ico">
      <Filter>Resource Files</Filter>
    </None>
  </ItemGroup>
  <ItemGroup>
    <ResourceCompile Include="nullc_ide.rc">
      <Filter>Resource Files</Filter>
    </ResourceCompile>
  </ItemGroup>
</Project>