<?xml version="1.0" encoding="utf-8"?>
<Project ToolsVersion="4.0" xmlns="http://schemas.microsoft.com/developer/msbuild/2003">
  <ItemGroup>
    <Filter Include="Source Files">
      <UniqueIdentifier>{4FC737F1-C7A5-4376-A066-2A32D752A2FF}</UniqueIdentifier>
      <Extensions>cpp;c;cc;cxx;def;odl;idl;hpj;bat;asm;asmx</Extensions>
    </Filter>
    <Filter Include="Header Files">
      <UniqueIdentifier>{93995380-89BD-4b04-88EB-625FBE52EBFB}</UniqueIdentifier>
      <Extensions>h;hpp;hxx;hm;inl;inc;xsd</Extensions>
    </Filter>
    <Filter Include="Compiler">
      <UniqueIdentifier>{631a22d5-1602-4192-9cb1-1458fe9a46af}</UniqueIdentifier>
    </Filter>
    <Filter Include="Executor">
      <UniqueIdentifier>{cbc7842d-6f97-4c80-b4d1-c43958c5230b}</UniqueIdentifier>
    </Filter>
    <Filter Include="Executor_X86">
      <UniqueIdentifier>{47824343-18f9-486c-a7d7-37f45b0dccac}</UniqueIdentifier>
    </Filter>
    <Filter Include="Linker">
      <UniqueIdentifier>{54e627fc-de38-4a0b-977d-6089c88321c1}</UniqueIdentifier>
    </Filter>
    <Filter Include="Modules">
      <UniqueIdentifier>{fd9dec7a-04d9-4348-a91c-c32e55ffdb90}</UniqueIdentifier>
    </Filter>
    <Filter Include="Modules\std">
      <UniqueIdentifier>{19bb707a-c326-465b-a0e8-ebdf998b2f40}</UniqueIdentifier>
    </Filter>
    <Filter Include="Modules\win">
      <UniqueIdentifier>{7ca2ee85-c886-40c4-9d35-c9c97b04c73b}</UniqueIdentifier>
    </Filter>
    <Filter Include="Modules\img">
      <UniqueIdentifier>{c4cc95bc-63be-4533-bfcd-8a49011162be}</UniqueIdentifier>
    </Filter>
    <Filter Include="Modules\ext">
      <UniqueIdentifier>{020b760e-555c-43ee-b032-745966304f6c}</UniqueIdentifier>
    </Filter>
    <Filter Include="Modules\ext\pugi">
      <UniqueIdentifier>{9b280228-6b5c-4d7d-a40b-ba36d69cf7d9}</UniqueIdentifier>
    </Filter>
    <Filter Include="Modules\old">
      <UniqueIdentifier>{70f8b09d-ad83-431c-8b58-f2450d436076}</UniqueIdentifier>
    </Filter>
    <Filter Include="Executor_LLVM">
      <UniqueIdentifier>{84d3adf5-d1bc-439a-8297-91f3957125f2}</UniqueIdentifier>
    </Filter>
    <Filter Include="external">
      <UniqueIdentifier>{42a70f55-8b98-4d99-8b0c-6063f7aae682}</UniqueIdentifier>
    </Filter>
    <Filter Include="external\tlsf">
      <UniqueIdentifier>{9dcc6077-f4b2-4fb4-bdfb-cc6c9886e00c}</UniqueIdentifier>
    </Filter>
  </ItemGroup>
  <ItemGroup>
    <ClCompile Include="BinaryCache.cpp">
      <Filter>Source Files</Filter>
    </ClCompile>
    <ClCompile Include="Bytecode.cpp">
      <Filter>Source Files</Filter>
    </ClCompile>
    <ClCompile Include="CodeInfo.cpp">
      <Filter>Source Files</Filter>
    </ClCompile>
    <ClCompile Include="nullc.cpp">
      <Filter>Source Files</Filter>
    </ClCompile>
    <ClCompile Include="stdafx.cpp">
      <Filter>Source Files</Filter>
    </ClCompile>
    <ClCompile Include="StrAlgo.cpp">
      <Filter>Source Files</Filter>
    </ClCompile>
    <ClCompile Include="Callbacks.cpp">
      <Filter>Compiler</Filter>
    </ClCompile>
    <ClCompile Include="Compiler.cpp">
      <Filter>Compiler</Filter>
    </ClCompile>
    <ClCompile Include="Lexer.cpp">
      <Filter>Compiler</Filter>
    </ClCompile>
    <ClCompile Include="Parser.cpp">
      <Filter>Compiler</Filter>
    </ClCompile>
    <ClCompile Include="StdLib.cpp">
      <Filter>Compiler</Filter>
    </ClCompile>
    <ClCompile Include="SyntaxTree.cpp">
      <Filter>Compiler</Filter>
    </ClCompile>
    <ClCompile Include="SyntaxTreeEvaluate.cpp">
      <Filter>Compiler</Filter>
    </ClCompile>
    <ClCompile Include="SyntaxTreeGraph.cpp">
      <Filter>Compiler</Filter>
    </ClCompile>
    <ClCompile Include="SyntaxTreeLLVM.cpp">
      <Filter>Compiler</Filter>
    </ClCompile>
    <ClCompile Include="SyntaxTreeTranslate.cpp">
      <Filter>Compiler</Filter>
    </ClCompile>
    <ClCompile Include="Executor.cpp">
      <Filter>Executor</Filter>
    </ClCompile>
    <ClCompile Include="Executor_Common.cpp">
      <Filter>Executor</Filter>
    </ClCompile>
    <ClCompile Include="CodeGen_X86.cpp">
      <Filter>Executor_X86</Filter>
    </ClCompile>
    <ClCompile Include="Executor_X86.cpp">
      <Filter>Executor_X86</Filter>
    </ClCompile>
    <ClCompile Include="Translator_X86.cpp">
      <Filter>Executor_X86</Filter>
    </ClCompile>
    <ClCompile Include="Linker.cpp">
      <Filter>Linker</Filter>
    </ClCompile>
    <ClCompile Include="includes\dynamic.cpp">
      <Filter>Modules\std</Filter>
    </ClCompile>
    <ClCompile Include="includes\file.cpp">
      <Filter>Modules\std</Filter>
    </ClCompile>
    <ClCompile Include="includes\gc.cpp">
      <Filter>Modules\std</Filter>
    </ClCompile>
    <ClCompile Include="includes\io.cpp">
      <Filter>Modules\std</Filter>
    </ClCompile>
    <ClCompile Include="includes\map.cpp">
      <Filter>Modules\std</Filter>
    </ClCompile>
    <ClCompile Include="includes\math.cpp">
      <Filter>Modules\std</Filter>
    </ClCompile>
    <ClCompile Include="includes\random.cpp">
      <Filter>Modules\std</Filter>
    </ClCompile>
    <ClCompile Include="includes\string.cpp">
      <Filter>Modules\std</Filter>
    </ClCompile>
    <ClCompile Include="includes\time.cpp">
      <Filter>Modules\std</Filter>
    </ClCompile>
    <ClCompile Include="includes\typeinfo.cpp">
      <Filter>Modules\std</Filter>
    </ClCompile>
    <ClCompile Include="includes\window.cpp">
      <Filter>Modules\win</Filter>
    </ClCompile>
    <ClCompile Include="includes\canvas.cpp">
      <Filter>Modules\img</Filter>
    </ClCompile>
    <ClCompile Include="includes\pugi.cpp">
      <Filter>Modules\ext</Filter>
    </ClCompile>
    <ClCompile Include="..\external\pugixml\pugixml.cpp">
      <Filter>Modules\ext\pugi</Filter>
    </ClCompile>
    <ClCompile Include="includes\list.cpp">
      <Filter>Modules\old</Filter>
    </ClCompile>
    <ClCompile Include="includes\vector.cpp">
      <Filter>Modules\old</Filter>
    </ClCompile>
    <ClCompile Include="Executor_LLVM.cpp">
      <Filter>Executor_LLVM</Filter>
    </ClCompile>
    <ClCompile Include="..\external\tlsf\tlsf.c">
      <Filter>external\tlsf</Filter>
    </ClCompile>
  </ItemGroup>
  <ItemGroup>
    <ClInclude Include="Array.h">
      <Filter>Header Files</Filter>
    </ClInclude>
    <ClInclude Include="BinaryCache.h">
      <Filter>Header Files</Filter>
    </ClInclude>
    <ClInclude Include="Bytecode.h">
      <Filter>Header Files</Filter>
    </ClInclude>
    <ClInclude Include="CodeInfo.h">
      <Filter>Header Files</Filter>
    </ClInclude>
    <ClInclude Include="HashMap.h">
      <Filter>Header Files</Filter>
    </ClInclude>
    <ClInclude Include="InstructionSet.h">
      <Filter>Header Files</Filter>
    </ClInclude>
    <ClInclude Include="nullbind.h">
      <Filter>Header Files</Filter>
    </ClInclude>
    <ClInclude Include="nullc.h">
      <Filter>Header Files</Filter>
    </ClInclude>
    <ClInclude Include="nullc_debug.h">
      <Filter>Header Files</Filter>
    </ClInclude>
    <ClInclude Include="nullc_remote.h">
      <Filter>Header Files</Filter>
    </ClInclude>
    <ClInclude Include="nullcdef.h">
      <Filter>Header Files</Filter>
    </ClInclude>
    <ClInclude Include="ParseClass.h">
      <Filter>Header Files</Filter>
    </ClInclude>
    <ClInclude Include="Pool.h">
      <Filter>Header Files</Filter>
    </ClInclude>
    <ClInclude Include="stdafx.h">
      <Filter>Header Files</Filter>
    </ClInclude>
    <ClInclude Include="StrAlgo.h">
      <Filter>Header Files</Filter>
    </ClInclude>
    <ClInclude Include="Callbacks.h">
      <Filter>Compiler</Filter>
    </ClInclude>
    <ClInclude Include="Compiler.h">
      <Filter>Compiler</Filter>
    </ClInclude>
    <ClInclude Include="ConstantFold.h">
      <Filter>Compiler</Filter>
    </ClInclude>
    <ClInclude Include="Lexer.h">
      <Filter>Compiler</Filter>
    </ClInclude>
    <ClInclude Include="Parser.h">
      <Filter>Compiler</Filter>
    </ClInclude>
    <ClInclude Include="StdLib.h">
      <Filter>Compiler</Filter>
    </ClInclude>
    <ClInclude Include="SyntaxTree.h">
      <Filter>Compiler</Filter>
    </ClInclude>
    <ClInclude Include="Executor.h">
      <Filter>Executor</Filter>
    </ClInclude>
    <ClInclude Include="Executor_Common.h">
      <Filter>Executor</Filter>
    </ClInclude>
    <ClInclude Include="CodeGen_X86.h">
      <Filter>Executor_X86</Filter>
    </ClInclude>
    <ClInclude Include="Executor_X86.h">
      <Filter>Executor_X86</Filter>
    </ClInclude>
    <ClInclude Include="Instruction_X86.h">
      <Filter>Executor_X86</Filter>
    </ClInclude>
    <ClInclude Include="StdLib_X86.h">
      <Filter>Executor_X86</Filter>
    </ClInclude>
    <ClInclude Include="Translator_X86.h">
      <Filter>Executor_X86</Filter>
    </ClInclude>
    <ClInclude Include="Linker.h">
      <Filter>Linker</Filter>
    </ClInclude>
    <ClInclude Include="includes\dynamic.h">
      <Filter>Modules\std</Filter>
    </ClInclude>
    <ClInclude Include="includes\file.h">
      <Filter>Modules\std</Filter>
    </ClInclude>
    <ClInclude Include="includes\gc.h">
      <Filter>Modules\std</Filter>
    </ClInclude>
    <ClInclude Include="includes\io.h">
      <Filter>Modules\std</Filter>
    </ClInclude>
    <ClInclude Include="includes\map.h">
      <Filter>Modules\std</Filter>
    </ClInclude>
    <ClInclude Include="includes\math.h">
      <Filter>Modules\std</Filter>
    </ClInclude>
    <ClInclude Include="includes\random.h">
      <Filter>Modules\std</Filter>
    </ClInclude>
    <ClInclude Include="includes\string.h">
      <Filter>Modules\std</Filter>
    </ClInclude>
    <ClInclude Include="includes\time.h">
      <Filter>Modules\std</Filter>
    </ClInclude>
    <ClInclude Include="includes\typeinfo.h">
      <Filter>Modules\std</Filter>
    </ClInclude>
    <ClInclude Include="includes\window.h">
      <Filter>Modules\win</Filter>
    </ClInclude>
    <ClInclude Include="includes\canvas.h">
      <Filter>Modules\img</Filter>
    </ClInclude>
    <ClInclude Include="includes\pugi.h">
      <Filter>Modules\ext</Filter>
    </ClInclude>
    <ClInclude Include="..\external\pugixml\pugiconfig.hpp">
      <Filter>Modules\ext\pugi</Filter>
    </ClInclude>
    <ClInclude Include="..\external\pugixml\pugixml.hpp">
      <Filter>Modules\ext\pugi</Filter>
    </ClInclude>
    <ClInclude Include="includes\list.h">
      <Filter>Modules\old</Filter>
    </ClInclude>
    <ClInclude Include="includes\vector.h">
      <Filter>Modules\old</Filter>
    </ClInclude>
    <ClInclude Include="Executor_LLVM.h">
      <Filter>Executor_LLVM</Filter>
    </ClInclude>
    <ClInclude Include="..\external\tlsf\tlsf.h">
      <Filter>external\tlsf</Filter>
    </ClInclude>
    <ClInclude Include="..\external\tlsf\tlsfbits.h">
      <Filter>external\tlsf</Filter>
    </ClInclude>
    <ClInclude Include="Tree.h">
      <Filter>Header Files</Filter>
    </ClInclude>
  </ItemGroup>
  <ItemGroup>
    <None Include="..\Modules\std\algorithm.nc">
      <Filter>Modules\std</Filter>
    </None>
    <None Include="..\Modules\std\dynamic.nc">
      <Filter>Modules\std</Filter>
    </None>
    <None Include="..\Modules\std\file.nc">
      <Filter>Modules\std</Filter>
    </None>
    <None Include="..\Modules\std\gc.nc">
      <Filter>Modules\std</Filter>
    </None>
    <None Include="..\Modules\std\hashmap.nc">
      <Filter>Modules\std</Filter>
    </None>
    <None Include="..\Modules\std\io.nc">
      <Filter>Modules\std</Filter>
    </None>
    <None Include="..\Modules\std\list.nc">
      <Filter>Modules\std</Filter>
    </None>
    <None Include="..\Modules\std\map.nc">
      <Filter>Modules\std</Filter>
    </None>
    <None Include="..\Modules\std\math.nc">
      <Filter>Modules\std</Filter>
    </None>
    <None Include="..\Modules\std\random.nc">
      <Filter>Modules\std</Filter>
    </None>
    <None Include="..\Modules\std\range.nc">
      <Filter>Modules\std</Filter>
    </None>
    <None Include="..\Modules\std\string.nc">
      <Filter>Modules\std</Filter>
    </None>
    <None Include="..\Modules\std\time.nc">
      <Filter>Modules\std</Filter>
    </None>
    <None Include="..\Modules\std\typeinfo.nc">
      <Filter>Modules\std</Filter>
    </None>
    <None Include="..\Modules\std\vector.nc">
      <Filter>Modules\std</Filter>
    </None>
    <None Include="..\Modules\win\window.nc">
      <Filter>Modules\win</Filter>
    </None>
    <None Include="..\Modules\win\window_ex.nc">
      <Filter>Modules\win</Filter>
    </None>
    <None Include="..\Modules\img\canvas.nc">
      <Filter>Modules\img</Filter>
    </None>
    <None Include="..\Modules\ext\pugixml.nc">
      <Filter>Modules\ext</Filter>
    </None>
    <None Include="..\Modules\old\list.nc">
      <Filter>Modules\old</Filter>
    </None>
    <None Include="..\Modules\old\vector.nc">
      <Filter>Modules\old</Filter>
    </None>
    <None Include="..\Modules\std\event.nc">
      <Filter>Modules\std</Filter>
    </None>
    <None Include="..\Modules\std\stringio.nc">
      <Filter>Modules\std</Filter>
    </None>
  </ItemGroup>
</Project>